
Microsoft Visual Studio Solution File, Format Version 12.00
# Visual Studio Version 17
VisualStudioVersion = 17.4.33213.308
MinimumVisualStudioVersion = 10.0.40219.1
Project("{FAE04EC0-301F-11D3-BF4B-00C04F79EFBC}") = "Corbeille3", "Corbeille3\Corbeille3.csproj", "{20C3CDCA-6F74-497C-ADE0-25B04EAFC951}"
EndProject
Global
	GlobalSection(SolutionConfigurationPlatforms) = preSolution
		Debug|Any CPU = Debug|Any CPU
		Release|Any CPU = Release|Any CPU
	EndGlobalSection
	GlobalSection(ProjectConfigurationPlatforms) = postSolution
		{20C3CDCA-6F74-497C-ADE0-25B04EAFC951}.Debug|Any CPU.ActiveCfg = Debug|Any CPU
		{20C3CDCA-6F74-497C-ADE0-25B04EAFC951}.Debug|Any CPU.Build.0 = Debug|Any CPU
		{20C3CDCA-6F74-497C-ADE0-25B04EAFC951}.Release|Any CPU.ActiveCfg = Release|Any CPU
		{20C3CDCA-6F74-497C-ADE0-25B04EAFC951}.Release|Any CPU.Build.0 = Release|Any CPU
	EndGlobalSection
	GlobalSection(SolutionProperties) = preSolution
		HideSolutionNode = FALSE
	EndGlobalSection
	GlobalSection(ExtensibilityGlobals) = postSolution
		SolutionGuid = {2775A92B-0A28-4EBC-9069-2ED1A5448B06}
	EndGlobalSection
EndGlobal
